
Microsoft Visual Studio Solution File, Format Version 12.00
# Visual Studio Version 16
VisualStudioVersion = 16.0.32413.511
MinimumVisualStudioVersion = 10.0.40219.1
Project("{FAE04EC0-301F-11D3-BF4B-00C04F79EFBC}") = "AssignmentAPI", "AssignmentAPI.csproj", "{AA198FAA-7E94-4343-9758-648031FF7024}"
EndProject
Global
	GlobalSection(SolutionConfigurationPlatforms) = preSolution
		Debug|Any CPU = Debug|Any CPU
		Release|Any CPU = Release|Any CPU
	EndGlobalSection
	GlobalSection(ProjectConfigurationPlatforms) = postSolution
		{AA198FAA-7E94-4343-9758-648031FF7024}.Debug|Any CPU.ActiveCfg = Debug|Any CPU
		{AA198FAA-7E94-4343-9758-648031FF7024}.Debug|Any CPU.Build.0 = Debug|Any CPU
		{AA198FAA-7E94-4343-9758-648031FF7024}.Release|Any CPU.ActiveCfg = Release|Any CPU
		{AA198FAA-7E94-4343-9758-648031FF7024}.Release|Any CPU.Build.0 = Release|Any CPU
	EndGlobalSection
	GlobalSection(SolutionProperties) = preSolution
		HideSolutionNode = FALSE
	EndGlobalSection
	GlobalSection(ExtensibilityGlobals) = postSolution
		SolutionGuid = {08FE729A-3A3C-4C31-B36F-7D338323A138}
	EndGlobalSection
EndGlobal
